
Microsoft Visual Studio Solution File, Format Version 12.00
# Visual Studio Version 17
VisualStudioVersion = 17.14.36908.2
MinimumVisualStudioVersion = 10.0.40219.1
Project("{FAE04EC0-301F-11D3-BF4B-00C04F79EFBC}") = "Monolito4b", "Monolito4b\Monolito4b.csproj", "{37FF42AC-9025-4F17-BA7D-DC4A708D3ADD}"
EndProject
Project("{FAE04EC0-301F-11D3-BF4B-00C04F79EFBC}") = "Capa_Datos", "Capa_Datos\Capa_Datos.csproj", "{9EEB7CB0-AAB5-4974-8085-A87F7A457292}"
EndProject
Project("{FAE04EC0-301F-11D3-BF4B-00C04F79EFBC}") = "Capa_Negocio", "Capa_Negocio\Capa_Negocio.csproj", "{A1FE5434-6130-4C73-BFB9-549EA685BCD8}"
EndProject
Global
	GlobalSection(SolutionConfigurationPlatforms) = preSolution
		Debug|Any CPU = Debug|Any CPU
		Release|Any CPU = Release|Any CPU
	EndGlobalSection
	GlobalSection(ProjectConfigurationPlatforms) = postSolution
		{37FF42AC-9025-4F17-BA7D-DC4A708D3ADD}.Debug|Any CPU.ActiveCfg = Debug|Any CPU
		{37FF42AC-9025-4F17-BA7D-DC4A708D3ADD}.Debug|Any CPU.Build.0 = Debug|Any CPU
		{37FF42AC-9025-4F17-BA7D-DC4A708D3ADD}.Release|Any CPU.ActiveCfg = Release|Any CPU
		{37FF42AC-9025-4F17-BA7D-DC4A708D3ADD}.Release|Any CPU.Build.0 = Release|Any CPU
		{9EEB7CB0-AAB5-4974-8085-A87F7A457292}.Debug|Any CPU.ActiveCfg = Debug|Any CPU
		{9EEB7CB0-AAB5-4974-8085-A87F7A457292}.Debug|Any CPU.Build.0 = Debug|Any CPU
		{9EEB7CB0-AAB5-4974-8085-A87F7A457292}.Release|Any CPU.ActiveCfg = Release|Any CPU
		{9EEB7CB0-AAB5-4974-8085-A87F7A457292}.Release|Any CPU.Build.0 = Release|Any CPU
		{A1FE5434-6130-4C73-BFB9-549EA685BCD8}.Debug|Any CPU.ActiveCfg = Debug|Any CPU
		{A1FE5434-6130-4C73-BFB9-549EA685BCD8}.Debug|Any CPU.Build.0 = Debug|Any CPU
		{A1FE5434-6130-4C73-BFB9-549EA685BCD8}.Release|Any CPU.ActiveCfg = Release|Any CPU
		{A1FE5434-6130-4C73-BFB9-549EA685BCD8}.Release|Any CPU.Build.0 = Release|Any CPU
	EndGlobalSection
	GlobalSection(SolutionProperties) = preSolution
		HideSolutionNode = FALSE
	EndGlobalSection
	GlobalSection(ExtensibilityGlobals) = postSolution
		SolutionGuid = {F25997F4-353E-47A9-A886-F8D9D655615C}
	EndGlobalSection
EndGlobal
